
Microsoft Visual Studio Solution File, Format Version 12.00
# Visual Studio 15
VisualStudioVersion = 15.0.27428.2027
MinimumVisualStudioVersion = 10.0.40219.1
Project("{FAE04EC0-301F-11D3-BF4B-00C04F79EFBC}") = "Bookshelf", "Bookshelf\Bookshelf.csproj", "{E0D0511B-89C5-45A9-A849-011C16080586}"
EndProject
Global
	GlobalSection(SolutionConfigurationPlatforms) = preSolution
		Debug|ARM = Debug|ARM
		Debug|x64 = Debug|x64
		Debug|x86 = Debug|x86
		Release|ARM = Release|ARM
		Release|x64 = Release|x64
		Release|x86 = Release|x86
	EndGlobalSection
	GlobalSection(ProjectConfigurationPlatforms) = postSolution
		{E0D0511B-89C5-45A9-A849-011C16080586}.Debug|ARM.ActiveCfg = Debug|ARM
		{E0D0511B-89C5-45A9-A849-011C16080586}.Debug|ARM.Build.0 = Debug|ARM
		{E0D0511B-89C5-45A9-A849-011C16080586}.Debug|ARM.Deploy.0 = Debug|ARM
		{E0D0511B-89C5-45A9-A849-011C16080586}.Debug|x64.ActiveCfg = Debug|x64
		{E0D0511B-89C5-45A9-A849-011C16080586}.Debug|x64.Build.0 = Debug|x64
		{E0D0511B-89C5-45A9-A849-011C16080586}.Debug|x64.Deploy.0 = Debug|x64
		{E0D0511B-89C5-45A9-A849-011C16080586}.Debug|x86.ActiveCfg = Debug|x86
		{E0D0511B-89C5-45A9-A849-011C16080586}.Debug|x86.Build.0 = Debug|x86
		{E0D0511B-89C5-45A9-A849-011C16080586}.Debug|x86.Deploy.0 = Debug|x86
		{E0D0511B-89C5-45A9-A849-011C16080586}.Release|ARM.ActiveCfg = Release|ARM
		{E0D0511B-89C5-45A9-A849-011C16080586}.Release|ARM.Build.0 = Release|ARM
		{E0D0511B-89C5-45A9-A849-011C16080586}.Release|ARM.Deploy.0 = Release|ARM
		{E0D0511B-89C5-45A9-A849-011C16080586}.Release|x64.ActiveCfg = Release|x64
		{E0D0511B-89C5-45A9-A849-011C16080586}.Release|x64.Build.0 = Release|x64
		{E0D0511B-89C5-45A9-A849-011C16080586}.Release|x64.Deploy.0 = Release|x64
		{E0D0511B-89C5-45A9-A849-011C16080586}.Release|x86.ActiveCfg = Release|x86
		{E0D0511B-89C5-45A9-A849-011C16080586}.Release|x86.Build.0 = Release|x86
		{E0D0511B-89C5-45A9-A849-011C16080586}.Release|x86.Deploy.0 = Release|x86
	EndGlobalSection
	GlobalSection(SolutionProperties) = preSolution
		HideSolutionNode = FALSE
	EndGlobalSection
	GlobalSection(ExtensibilityGlobals) = postSolution
		SolutionGuid = {8F860C44-97E9-4A13-A373-0EA40A56E221}
	EndGlobalSection
EndGlobal
